
Microsoft Visual Studio Solution File, Format Version 12.00
# Visual Studio Version 17
VisualStudioVersion = 17.10.35122.118
MinimumVisualStudioVersion = 10.0.40219.1
Project("{FAE04EC0-301F-11D3-BF4B-00C04F79EFBC}") = "Programa 1", "ConsoleApp1\Programa 1.csproj", "{35B8E66F-802F-4FAB-B27C-B566DB51DCF5}"
EndProject
Project("{FAE04EC0-301F-11D3-BF4B-00C04F79EFBC}") = "programa 2", "programa 2\programa 2.csproj", "{ED30F294-855C-48C9-A185-C50E8A845111}"
EndProject
Project("{FAE04EC0-301F-11D3-BF4B-00C04F79EFBC}") = "Programa 3", "Programa 3\Programa 3.csproj", "{0A707895-AE84-43FC-A7C4-95CD161473B1}"
EndProject
Project("{FAE04EC0-301F-11D3-BF4B-00C04F79EFBC}") = "Programa 4", "Programa 4\Programa 4.csproj", "{E45EA3BD-7291-4FB8-90E1-133352E4402D}"
EndProject
Project("{FAE04EC0-301F-11D3-BF4B-00C04F79EFBC}") = "ConsoleApp2", "ConsoleApp2\ConsoleApp2.csproj", "{E8BCC109-DF26-40F7-A587-4046AC95BE1E}"
EndProject
Project("{FAE04EC0-301F-11D3-BF4B-00C04F79EFBC}") = "Programa 5", "Programa 5\Programa 5.csproj", "{EF55E588-2A1E-49DE-B2D0-EF90D7E486F4}"
EndProject
Project("{FAE04EC0-301F-11D3-BF4B-00C04F79EFBC}") = "Programa 6", "Programa 6\Programa 6.csproj", "{AAD2A8DA-E52F-480E-A3EC-ACCA7D014EFF}"
EndProject
Global
	GlobalSection(SolutionConfigurationPlatforms) = preSolution
		Debug|Any CPU = Debug|Any CPU
		Release|Any CPU = Release|Any CPU
	EndGlobalSection
	GlobalSection(ProjectConfigurationPlatforms) = postSolution
		{35B8E66F-802F-4FAB-B27C-B566DB51DCF5}.Debug|Any CPU.ActiveCfg = Debug|Any CPU
		{35B8E66F-802F-4FAB-B27C-B566DB51DCF5}.Debug|Any CPU.Build.0 = Debug|Any CPU
		{35B8E66F-802F-4FAB-B27C-B566DB51DCF5}.Release|Any CPU.ActiveCfg = Release|Any CPU
		{35B8E66F-802F-4FAB-B27C-B566DB51DCF5}.Release|Any CPU.Build.0 = Release|Any CPU
		{ED30F294-855C-48C9-A185-C50E8A845111}.Debug|Any CPU.ActiveCfg = Debug|Any CPU
		{ED30F294-855C-48C9-A185-C50E8A845111}.Debug|Any CPU.Build.0 = Debug|Any CPU
		{ED30F294-855C-48C9-A185-C50E8A845111}.Release|Any CPU.ActiveCfg = Release|Any CPU
		{ED30F294-855C-48C9-A185-C50E8A845111}.Release|Any CPU.Build.0 = Release|Any CPU
		{0A707895-AE84-43FC-A7C4-95CD161473B1}.Debug|Any CPU.ActiveCfg = Debug|Any CPU
		{0A707895-AE84-43FC-A7C4-95CD161473B1}.Debug|Any CPU.Build.0 = Debug|Any CPU
		{0A707895-AE84-43FC-A7C4-95CD161473B1}.Release|Any CPU.ActiveCfg = Release|Any CPU
		{0A707895-AE84-43FC-A7C4-95CD161473B1}.Release|Any CPU.Build.0 = Release|Any CPU
		{E45EA3BD-7291-4FB8-90E1-133352E4402D}.Debug|Any CPU.ActiveCfg = Debug|Any CPU
		{E45EA3BD-7291-4FB8-90E1-133352E4402D}.Debug|Any CPU.Build.0 = Debug|Any CPU
		{E45EA3BD-7291-4FB8-90E1-133352E4402D}.Release|Any CPU.ActiveCfg = Release|Any CPU
		{E45EA3BD-7291-4FB8-90E1-133352E4402D}.Release|Any CPU.Build.0 = Release|Any CPU
		{E8BCC109-DF26-40F7-A587-4046AC95BE1E}.Debug|Any CPU.ActiveCfg = Debug|Any CPU
		{E8BCC109-DF26-40F7-A587-4046AC95BE1E}.Debug|Any CPU.Build.0 = Debug|Any CPU
		{E8BCC109-DF26-40F7-A587-4046AC95BE1E}.Release|Any CPU.ActiveCfg = Release|Any CPU
		{E8BCC109-DF26-40F7-A587-4046AC95BE1E}.Release|Any CPU.Build.0 = Release|Any CPU
		{EF55E588-2A1E-49DE-B2D0-EF90D7E486F4}.Debug|Any CPU.ActiveCfg = Debug|Any CPU
		{EF55E588-2A1E-49DE-B2D0-EF90D7E486F4}.Debug|Any CPU.Build.0 = Debug|Any CPU
		{EF55E588-2A1E-49DE-B2D0-EF90D7E486F4}.Release|Any CPU.ActiveCfg = Release|Any CPU
		{EF55E588-2A1E-49DE-B2D0-EF90D7E486F4}.Release|Any CPU.Build.0 = Release|Any CPU
		{AAD2A8DA-E52F-480E-A3EC-ACCA7D014EFF}.Debug|Any CPU.ActiveCfg = Debug|Any CPU
		{AAD2A8DA-E52F-480E-A3EC-ACCA7D014EFF}.Debug|Any CPU.Build.0 = Debug|Any CPU
		{AAD2A8DA-E52F-480E-A3EC-ACCA7D014EFF}.Release|Any CPU.ActiveCfg = Release|Any CPU
		{AAD2A8DA-E52F-480E-A3EC-ACCA7D014EFF}.Release|Any CPU.Build.0 = Release|Any CPU
	EndGlobalSection
	GlobalSection(SolutionProperties) = preSolution
		HideSolutionNode = FALSE
	EndGlobalSection
	GlobalSection(ExtensibilityGlobals) = postSolution
		SolutionGuid = {A91DA55D-DD0E-43E6-AC8B-9A86221B9D06}
	EndGlobalSection
EndGlobal
